// !$*UTF8*$!
{
	archiveVersion = 1;
	classes = {
	};
	objectVersion = 50;
	objects = {

/* Begin PBXBuildFile section */
		5A53FAE12603F8C9006CF79A /* AppDelegate.swift in Sources */ = {isa = PBXBuildFile; fileRef = 5A53FAE02603F8C9006CF79A /* AppDelegate.swift */; };
		5A53FAE32603F8C9006CF79A /* SceneDelegate.swift in Sources */ = {isa = PBXBuildFile; fileRef = 5A53FAE22603F8C9006CF79A /* SceneDelegate.swift */; };
		5A53FAEA2603F8CC006CF79A /* Assets.xcassets in Resources */ = {isa = PBXBuildFile; fileRef = 5A53FAE92603F8CC006CF79A /* Assets.xcassets */; };
		5A53FAED2603F8CC006CF79A /* LaunchScreen.storyboard in Resources */ = {isa = PBXBuildFile; fileRef = 5A53FAEB2603F8CC006CF79A /* LaunchScreen.storyboard */; };
		5A53FAF9260400EE006CF79A /* CompaniesController.swift in Sources */ = {isa = PBXBuildFile; fileRef = 5A53FAF7260400EE006CF79A /* CompaniesController.swift */; };
		5A53FAFA260400EE006CF79A /* CompaniesController.xib in Resources */ = {isa = PBXBuildFile; fileRef = 5A53FAF8260400EE006CF79A /* CompaniesController.xib */; };
		5A53FAFE260404B5006CF79A /* UIViewController+Extension.swift in Sources */ = {isa = PBXBuildFile; fileRef = 5A53FAFD260404B5006CF79A /* UIViewController+Extension.swift */; };
		5A53FB0926040667006CF79A /* AppColors.swift in Sources */ = {isa = PBXBuildFile; fileRef = 5A53FB0826040667006CF79A /* AppColors.swift */; };
		5A53FB0D26040758006CF79A /* UIColor+Extension.swift in Sources */ = {isa = PBXBuildFile; fileRef = 5A53FB0C26040758006CF79A /* UIColor+Extension.swift */; };
		5A53FB2D26041635006CF79A /* CreateCompanyController.swift in Sources */ = {isa = PBXBuildFile; fileRef = 5A53FB2B26041635006CF79A /* CreateCompanyController.swift */; };
		5A53FB2E26041635006CF79A /* CreateCompanyController.xib in Resources */ = {isa = PBXBuildFile; fileRef = 5A53FB2C26041635006CF79A /* CreateCompanyController.xib */; };
		5A53FBE6260919B2006CF79A /* CoreDataCompaniesModels.xcdatamodeld in Sources */ = {isa = PBXBuildFile; fileRef = 5A53FBE4260919B2006CF79A /* CoreDataCompaniesModels.xcdatamodeld */; };
		5AF0F23126092167004E9FEC /* CoreDataManager.swift in Sources */ = {isa = PBXBuildFile; fileRef = 5AF0F23026092167004E9FEC /* CoreDataManager.swift */; };
		5AF0F2D3260A9F9D004E9FEC /* CompanyCell.swift in Sources */ = {isa = PBXBuildFile; fileRef = 5AF0F2D1260A9F9D004E9FEC /* CompanyCell.swift */; };
		5AF0F2D4260A9F9D004E9FEC /* CompanyCell.xib in Resources */ = {isa = PBXBuildFile; fileRef = 5AF0F2D2260A9F9D004E9FEC /* CompanyCell.xib */; };
		5AF0F2D7260AAB0B004E9FEC /* CompaniesController+UITableView.swift in Sources */ = {isa = PBXBuildFile; fileRef = 5AF0F2D6260AAB0B004E9FEC /* CompaniesController+UITableView.swift */; };
		5AF0F2DE260AB31B004E9FEC /* EmployeesController.swift in Sources */ = {isa = PBXBuildFile; fileRef = 5AF0F2DC260AB31B004E9FEC /* EmployeesController.swift */; };
		5AF0F2DF260AB31B004E9FEC /* EmployeesController.xib in Resources */ = {isa = PBXBuildFile; fileRef = 5AF0F2DD260AB31B004E9FEC /* EmployeesController.xib */; };
		5AF0F2E4260AB564004E9FEC /* CreateEmployeeController.swift in Sources */ = {isa = PBXBuildFile; fileRef = 5AF0F2E2260AB564004E9FEC /* CreateEmployeeController.swift */; };
		5AF0F2E5260AB564004E9FEC /* CreateEmployeeController.xib in Resources */ = {isa = PBXBuildFile; fileRef = 5AF0F2E3260AB564004E9FEC /* CreateEmployeeController.xib */; };
		5AF6A5DE260C2AC000E32251 /* EmployeesHeaderView.swift in Sources */ = {isa = PBXBuildFile; fileRef = 5AF6A5DD260C2AC000E32251 /* EmployeesHeaderView.swift */; };
		5AF6A5E1260C2AD700E32251 /* EmployeesHeaderView.xib in Resources */ = {isa = PBXBuildFile; fileRef = 5AF6A5E0260C2AD700E32251 /* EmployeesHeaderView.xib */; };
		5AF6A5E4260C344700E32251 /* EmployeeType.swift in Sources */ = {isa = PBXBuildFile; fileRef = 5AF6A5E3260C344700E32251 /* EmployeeType.swift */; };
/* End PBXBuildFile section */

/* Begin PBXFileReference section */
		5A53FADD2603F8C9006CF79A /* CoreDataCompaniesProject.app */ = {isa = PBXFileReference; explicitFileType = wrapper.application; includeInIndex = 0; path = CoreDataCompaniesProject.app; sourceTree = BUILT_PRODUCTS_DIR; };
		5A53FAE02603F8C9006CF79A /* AppDelegate.swift */ = {isa = PBXFileReference; lastKnownFileType = sourcecode.swift; path = AppDelegate.swift; sourceTree = "<group>"; };
		5A53FAE22603F8C9006CF79A /* SceneDelegate.swift */ = {isa = PBXFileReference; lastKnownFileType = sourcecode.swift; path = SceneDelegate.swift; sourceTree = "<group>"; };
		5A53FAE92603F8CC006CF79A /* Assets.xcassets */ = {isa = PBXFileReference; lastKnownFileType = folder.assetcatalog; path = Assets.xcassets; sourceTree = "<group>"; };
		5A53FAEC2603F8CC006CF79A /* Base */ = {isa = PBXFileReference; lastKnownFileType = file.storyboard; name = Base; path = Base.lproj/LaunchScreen.storyboard; sourceTree = "<group>"; };
		5A53FAF7260400EE006CF79A /* CompaniesController.swift */ = {isa = PBXFileReference; lastKnownFileType = sourcecode.swift; path = CompaniesController.swift; sourceTree = "<group>"; };
		5A53FAF8260400EE006CF79A /* CompaniesController.xib */ = {isa = PBXFileReference; lastKnownFileType = file.xib; path = CompaniesController.xib; sourceTree = "<group>"; };
		5A53FAFD260404B5006CF79A /* UIViewController+Extension.swift */ = {isa = PBXFileReference; lastKnownFileType = sourcecode.swift; path = "UIViewController+Extension.swift"; sourceTree = "<group>"; };
		5A53FB0826040667006CF79A /* AppColors.swift */ = {isa = PBXFileReference; lastKnownFileType = sourcecode.swift; path = AppColors.swift; sourceTree = "<group>"; };
		5A53FB0C26040758006CF79A /* UIColor+Extension.swift */ = {isa = PBXFileReference; lastKnownFileType = sourcecode.swift; path = "UIColor+Extension.swift"; sourceTree = "<group>"; };
		5A53FB1C26040FD5006CF79A /* Info.plist */ = {isa = PBXFileReference; lastKnownFileType = text.plist; path = Info.plist; sourceTree = SOURCE_ROOT; };
		5A53FB2B26041635006CF79A /* CreateCompanyController.swift */ = {isa = PBXFileReference; lastKnownFileType = sourcecode.swift; path = CreateCompanyController.swift; sourceTree = "<group>"; };
		5A53FB2C26041635006CF79A /* CreateCompanyController.xib */ = {isa = PBXFileReference; lastKnownFileType = file.xib; path = CreateCompanyController.xib; sourceTree = "<group>"; };
		5A53FBE5260919B2006CF79A /* CoreDataCompaniesModels.xcdatamodel */ = {isa = PBXFileReference; lastKnownFileType = wrapper.xcdatamodel; path = CoreDataCompaniesModels.xcdatamodel; sourceTree = "<group>"; };
		5AF0F23026092167004E9FEC /* CoreDataManager.swift */ = {isa = PBXFileReference; lastKnownFileType = sourcecode.swift; path = CoreDataManager.swift; sourceTree = "<group>"; };
		5AF0F2D1260A9F9D004E9FEC /* CompanyCell.swift */ = {isa = PBXFileReference; lastKnownFileType = sourcecode.swift; path = CompanyCell.swift; sourceTree = "<group>"; };
		5AF0F2D2260A9F9D004E9FEC /* CompanyCell.xib */ = {isa = PBXFileReference; lastKnownFileType = file.xib; path = CompanyCell.xib; sourceTree = "<group>"; };
		5AF0F2D6260AAB0B004E9FEC /* CompaniesController+UITableView.swift */ = {isa = PBXFileReference; lastKnownFileType = sourcecode.swift; path = "CompaniesController+UITableView.swift"; sourceTree = "<group>"; };
		5AF0F2DC260AB31B004E9FEC /* EmployeesController.swift */ = {isa = PBXFileReference; lastKnownFileType = sourcecode.swift; path = EmployeesController.swift; sourceTree = "<group>"; };
		5AF0F2DD260AB31B004E9FEC /* EmployeesController.xib */ = {isa = PBXFileReference; lastKnownFileType = file.xib; path = EmployeesController.xib; sourceTree = "<group>"; };
		5AF0F2E2260AB564004E9FEC /* CreateEmployeeController.swift */ = {isa = PBXFileReference; lastKnownFileType = sourcecode.swift; path = CreateEmployeeController.swift; sourceTree = "<group>"; };
		5AF0F2E3260AB564004E9FEC /* CreateEmployeeController.xib */ = {isa = PBXFileReference; lastKnownFileType = file.xib; path = CreateEmployeeController.xib; sourceTree = "<group>"; };
		5AF6A5DD260C2AC000E32251 /* EmployeesHeaderView.swift */ = {isa = PBXFileReference; lastKnownFileType = sourcecode.swift; path = EmployeesHeaderView.swift; sourceTree = "<group>"; };
		5AF6A5E0260C2AD700E32251 /* EmployeesHeaderView.xib */ = {isa = PBXFileReference; lastKnownFileType = file.xib; path = EmployeesHeaderView.xib; sourceTree = "<group>"; };
		5AF6A5E3260C344700E32251 /* EmployeeType.swift */ = {isa = PBXFileReference; lastKnownFileType = sourcecode.swift; path = EmployeeType.swift; sourceTree = "<group>"; };
/* End PBXFileReference section */

/* Begin PBXFrameworksBuildPhase section */
		5A53FADA2603F8C9006CF79A /* Frameworks */ = {
			isa = PBXFrameworksBuildPhase;
			buildActionMask = 2147483647;
			files = (
			);
			runOnlyForDeploymentPostprocessing = 0;
		};
/* End PBXFrameworksBuildPhase section */

/* Begin PBXGroup section */
		5A53FAD42603F8C9006CF79A = {
			isa = PBXGroup;
			children = (
				5A53FADF2603F8C9006CF79A /* CoreDataCompaniesProject */,
				5A53FADE2603F8C9006CF79A /* Products */,
			);
			sourceTree = "<group>";
		};
		5A53FADE2603F8C9006CF79A /* Products */ = {
			isa = PBXGroup;
			children = (
				5A53FADD2603F8C9006CF79A /* CoreDataCompaniesProject.app */,
			);
			name = Products;
			sourceTree = "<group>";
		};
		5A53FADF2603F8C9006CF79A /* CoreDataCompaniesProject */ = {
			isa = PBXGroup;
			children = (
				5A53FAEB2603F8CC006CF79A /* LaunchScreen.storyboard */,
				5A53FAE92603F8CC006CF79A /* Assets.xcassets */,
				5A53FB1C26040FD5006CF79A /* Info.plist */,
				5A53FAE02603F8C9006CF79A /* AppDelegate.swift */,
				5A53FAE22603F8C9006CF79A /* SceneDelegate.swift */,
				5A53FB1726040F2A006CF79A /* Features */,
				5A53FB072604065B006CF79A /* Utils */,
				5A53FAFC2604049E006CF79A /* Extensions */,
				5AF0F23026092167004E9FEC /* CoreDataManager.swift */,
				5A53FBE4260919B2006CF79A /* CoreDataCompaniesModels.xcdatamodeld */,
			);
			path = CoreDataCompaniesProject;
			sourceTree = "<group>";
		};
		5A53FAFC2604049E006CF79A /* Extensions */ = {
			isa = PBXGroup;
			children = (
				5A53FAFD260404B5006CF79A /* UIViewController+Extension.swift */,
				5A53FB0C26040758006CF79A /* UIColor+Extension.swift */,
			);
			path = Extensions;
			sourceTree = "<group>";
		};
		5A53FB072604065B006CF79A /* Utils */ = {
			isa = PBXGroup;
			children = (
				5A53FB0826040667006CF79A /* AppColors.swift */,
			);
			path = Utils;
			sourceTree = "<group>";
		};
		5A53FB1726040F2A006CF79A /* Features */ = {
			isa = PBXGroup;
			children = (
				5AF0F2E1260AB54A004E9FEC /* CreateEmployee */,
				5AF0F2DB260AB2FB004E9FEC /* Employees */,
				5A53FB2A26041618006CF79A /* CreateCompany */,
				5A53FB1826040F32006CF79A /* Companies */,
			);
			path = Features;
			sourceTree = "<group>";
		};
		5A53FB1826040F32006CF79A /* Companies */ = {
			isa = PBXGroup;
			children = (
				5A53FAF7260400EE006CF79A /* CompaniesController.swift */,
				5A53FAF8260400EE006CF79A /* CompaniesController.xib */,
				5AF0F2D6260AAB0B004E9FEC /* CompaniesController+UITableView.swift */,
				5A53FB1926040F3D006CF79A /* Cell */,
			);
			path = Companies;
			sourceTree = "<group>";
		};
		5A53FB1926040F3D006CF79A /* Cell */ = {
			isa = PBXGroup;
			children = (
				5AF0F2D1260A9F9D004E9FEC /* CompanyCell.swift */,
				5AF0F2D2260A9F9D004E9FEC /* CompanyCell.xib */,
			);
			path = Cell;
			sourceTree = "<group>";
		};
		5A53FB2A26041618006CF79A /* CreateCompany */ = {
			isa = PBXGroup;
			children = (
				5A53FB2B26041635006CF79A /* CreateCompanyController.swift */,
				5A53FB2C26041635006CF79A /* CreateCompanyController.xib */,
			);
			path = CreateCompany;
			sourceTree = "<group>";
		};
		5AF0F2DB260AB2FB004E9FEC /* Employees */ = {
			isa = PBXGroup;
			children = (
				5AF0F2DC260AB31B004E9FEC /* EmployeesController.swift */,
				5AF0F2DD260AB31B004E9FEC /* EmployeesController.xib */,
				5AF6A5DD260C2AC000E32251 /* EmployeesHeaderView.swift */,
				5AF6A5E0260C2AD700E32251 /* EmployeesHeaderView.xib */,
				5AF6A5E3260C344700E32251 /* EmployeeType.swift */,
			);
			path = Employees;
			sourceTree = "<group>";
		};
		5AF0F2E1260AB54A004E9FEC /* CreateEmployee */ = {
			isa = PBXGroup;
			children = (
				5AF0F2E2260AB564004E9FEC /* CreateEmployeeController.swift */,
				5AF0F2E3260AB564004E9FEC /* CreateEmployeeController.xib */,
			);
			path = CreateEmployee;
			sourceTree = "<group>";
		};
/* End PBXGroup section */

/* Begin PBXNativeTarget section */
		5A53FADC2603F8C9006CF79A /* CoreDataCompaniesProject */ = {
			isa = PBXNativeTarget;
			buildConfigurationList = 5A53FAF12603F8CC006CF79A /* Build configuration list for PBXNativeTarget "CoreDataCompaniesProject" */;
			buildPhases = (
				5A53FAD92603F8C9006CF79A /* Sources */,
				5A53FADA2603F8C9006CF79A /* Frameworks */,
				5A53FADB2603F8C9006CF79A /* Resources */,
			);
			buildRules = (
			);
			dependencies = (
			);
			name = CoreDataCompaniesProject;
			productName = CoreDataCompaniesProject;
			productReference = 5A53FADD2603F8C9006CF79A /* CoreDataCompaniesProject.app */;
			productType = "com.apple.product-type.application";
		};
/* End PBXNativeTarget section */

/* Begin PBXProject section */
		5A53FAD52603F8C9006CF79A /* Project object */ = {
			isa = PBXProject;
			attributes = {
				LastSwiftUpdateCheck = 1200;
				LastUpgradeCheck = 1200;
				TargetAttributes = {
					5A53FADC2603F8C9006CF79A = {
						CreatedOnToolsVersion = 12.0.1;
					};
				};
			};
			buildConfigurationList = 5A53FAD82603F8C9006CF79A /* Build configuration list for PBXProject "CoreDataCompaniesProject" */;
			compatibilityVersion = "Xcode 9.3";
			developmentRegion = en;
			hasScannedForEncodings = 0;
			knownRegions = (
				en,
				Base,
			);
			mainGroup = 5A53FAD42603F8C9006CF79A;
			productRefGroup = 5A53FADE2603F8C9006CF79A /* Products */;
			projectDirPath = "";
			projectRoot = "";
			targets = (
				5A53FADC2603F8C9006CF79A /* CoreDataCompaniesProject */,
			);
		};
/* End PBXProject section */

/* Begin PBXResourcesBuildPhase section */
		5A53FADB2603F8C9006CF79A /* Resources */ = {
			isa = PBXResourcesBuildPhase;
			buildActionMask = 2147483647;
			files = (
				5A53FAED2603F8CC006CF79A /* LaunchScreen.storyboard in Resources */,
				5A53FAFA260400EE006CF79A /* CompaniesController.xib in Resources */,
				5AF0F2D4260A9F9D004E9FEC /* CompanyCell.xib in Resources */,
				5AF0F2E5260AB564004E9FEC /* CreateEmployeeController.xib in Resources */,
				5AF0F2DF260AB31B004E9FEC /* EmployeesController.xib in Resources */,
				5A53FAEA2603F8CC006CF79A /* Assets.xcassets in Resources */,
				5A53FB2E26041635006CF79A /* CreateCompanyController.xib in Resources */,
				5AF6A5E1260C2AD700E32251 /* EmployeesHeaderView.xib in Resources */,
			);
			runOnlyForDeploymentPostprocessing = 0;
		};
/* End PBXResourcesBuildPhase section */

/* Begin PBXSourcesBuildPhase section */
		5A53FAD92603F8C9006CF79A /* Sources */ = {
			isa = PBXSourcesBuildPhase;
			buildActionMask = 2147483647;
			files = (
				5A53FAE12603F8C9006CF79A /* AppDelegate.swift in Sources */,
				5AF0F2D7260AAB0B004E9FEC /* CompaniesController+UITableView.swift in Sources */,
				5A53FB0D26040758006CF79A /* UIColor+Extension.swift in Sources */,
				5A53FAFE260404B5006CF79A /* UIViewController+Extension.swift in Sources */,
				5AF6A5E4260C344700E32251 /* EmployeeType.swift in Sources */,
				5A53FB0926040667006CF79A /* AppColors.swift in Sources */,
				5A53FAE32603F8C9006CF79A /* SceneDelegate.swift in Sources */,
				5AF0F2D3260A9F9D004E9FEC /* CompanyCell.swift in Sources */,
				5AF0F2E4260AB564004E9FEC /* CreateEmployeeController.swift in Sources */,
				5AF0F2DE260AB31B004E9FEC /* EmployeesController.swift in Sources */,
				5A53FAF9260400EE006CF79A /* CompaniesController.swift in Sources */,
				5A53FB2D26041635006CF79A /* CreateCompanyController.swift in Sources */,
				5AF6A5DE260C2AC000E32251 /* EmployeesHeaderView.swift in Sources */,
				5AF0F23126092167004E9FEC /* CoreDataManager.swift in Sources */,
				5A53FBE6260919B2006CF79A /* CoreDataCompaniesModels.xcdatamodeld in Sources */,
			);
			runOnlyForDeploymentPostprocessing = 0;
		};
/* End PBXSourcesBuildPhase section */

/* Begin PBXVariantGroup section */
		5A53FAEB2603F8CC006CF79A /* LaunchScreen.storyboard */ = {
			isa = PBXVariantGroup;
			children = (
				5A53FAEC2603F8CC006CF79A /* Base */,
			);
			name = LaunchScreen.storyboard;
			sourceTree = "<group>";
		};
/* End PBXVariantGroup section */

/* Begin XCBuildConfiguration section */
		5A53FAEF2603F8CC006CF79A /* Debug */ = {
			isa = XCBuildConfiguration;
			buildSettings = {
				ALWAYS_SEARCH_USER_PATHS = NO;
				CLANG_ANALYZER_NONNULL = YES;
				CLANG_ANALYZER_NUMBER_OBJECT_CONVERSION = YES_AGGRESSIVE;
				CLANG_CXX_LANGUAGE_STANDARD = "gnu++14";
				CLANG_CXX_LIBRARY = "libc++";
				CLANG_ENABLE_MODULES = YES;
				CLANG_ENABLE_OBJC_ARC = YES;
				CLANG_ENABLE_OBJC_WEAK = YES;
				CLANG_WARN_BLOCK_CAPTURE_AUTORELEASING = YES;
				CLANG_WARN_BOOL_CONVERSION = YES;
				CLANG_WARN_COMMA = YES;
				CLANG_WARN_CONSTANT_CONVERSION = YES;
				CLANG_WARN_DEPRECATED_OBJC_IMPLEMENTATIONS = YES;
				CLANG_WARN_DIRECT_OBJC_ISA_USAGE = YES_ERROR;
				CLANG_WARN_DOCUMENTATION_COMMENTS = YES;
				CLANG_WARN_EMPTY_BODY = YES;
				CLANG_WARN_ENUM_CONVERSION = YES;
				CLANG_WARN_INFINITE_RECURSION = YES;
				CLANG_WARN_INT_CONVERSION = YES;
				CLANG_WARN_NON_LITERAL_NULL_CONVERSION = YES;
				CLANG_WARN_OBJC_IMPLICIT_RETAIN_SELF = YES;
				CLANG_WARN_OBJC_LITERAL_CONVERSION = YES;
				CLANG_WARN_OBJC_ROOT_CLASS = YES_ERROR;
				CLANG_WARN_QUOTED_INCLUDE_IN_FRAMEWORK_HEADER = YES;
				CLANG_WARN_RANGE_LOOP_ANALYSIS = YES;
				CLANG_WARN_STRICT_PROTOTYPES = YES;
				CLANG_WARN_SUSPICIOUS_MOVE = YES;
				CLANG_WARN_UNGUARDED_AVAILABILITY = YES_AGGRESSIVE;
				CLANG_WARN_UNREACHABLE_CODE = YES;
				CLANG_WARN__DUPLICATE_METHOD_MATCH = YES;
				COPY_PHASE_STRIP = NO;
				DEBUG_INFORMATION_FORMAT = dwarf;
				ENABLE_STRICT_OBJC_MSGSEND = YES;
				ENABLE_TESTABILITY = YES;
				GCC_C_LANGUAGE_STANDARD = gnu11;
				GCC_DYNAMIC_NO_PIC = NO;
				GCC_NO_COMMON_BLOCKS = YES;
				GCC_OPTIMIZATION_LEVEL = 0;
				GCC_PREPROCESSOR_DEFINITIONS = (
					"DEBUG=1",
					"$(inherited)",
				);
				GCC_WARN_64_TO_32_BIT_CONVERSION = YES;
				GCC_WARN_ABOUT_RETURN_TYPE = YES_ERROR;
				GCC_WARN_UNDECLARED_SELECTOR = YES;
				GCC_WARN_UNINITIALIZED_AUTOS = YES_AGGRESSIVE;
				GCC_WARN_UNUSED_FUNCTION = YES;
				GCC_WARN_UNUSED_VARIABLE = YES;
				IPHONEOS_DEPLOYMENT_TARGET = 14.0;
				MTL_ENABLE_DEBUG_INFO = INCLUDE_SOURCE;
				MTL_FAST_MATH = YES;
				ONLY_ACTIVE_ARCH = YES;
				SDKROOT = iphoneos;
				SWIFT_ACTIVE_COMPILATION_CONDITIONS = DEBUG;
				SWIFT_OPTIMIZATION_LEVEL = "-Onone";
			};
			name = Debug;
		};
		5A53FAF02603F8CC006CF79A /* Release */ = {
			isa = XCBuildConfiguration;
			buildSettings = {
				ALWAYS_SEARCH_USER_PATHS = NO;
				CLANG_ANALYZER_NONNULL = YES;
				CLANG_ANALYZER_NUMBER_OBJECT_CONVERSION = YES_AGGRESSIVE;
				CLANG_CXX_LANGUAGE_STANDARD = "gnu++14";
				CLANG_CXX_LIBRARY = "libc++";
				CLANG_ENABLE_MODULES = YES;
				CLANG_ENABLE_OBJC_ARC = YES;
				CLANG_ENABLE_OBJC_WEAK = YES;
				CLANG_WARN_BLOCK_CAPTURE_AUTORELEASING = YES;
				CLANG_WARN_BOOL_CONVERSION = YES;
				CLANG_WARN_COMMA = YES;
				CLANG_WARN_CONSTANT_CONVERSION = YES;
				CLANG_WARN_DEPRECATED_OBJC_IMPLEMENTATIONS = YES;
				CLANG_WARN_DIRECT_OBJC_ISA_USAGE = YES_ERROR;
				CLANG_WARN_DOCUMENTATION_COMMENTS = YES;
				CLANG_WARN_EMPTY_BODY = YES;
				CLANG_WARN_ENUM_CONVERSION = YES;
				CLANG_WARN_INFINITE_RECURSION = YES;
				CLANG_WARN_INT_CONVERSION = YES;
				CLANG_WARN_NON_LITERAL_NULL_CONVERSION = YES;
				CLANG_WARN_OBJC_IMPLICIT_RETAIN_SELF = YES;
				CLANG_WARN_OBJC_LITERAL_CONVERSION = YES;
				CLANG_WARN_OBJC_ROOT_CLASS = YES_ERROR;
				CLANG_WARN_QUOTED_INCLUDE_IN_FRAMEWORK_HEADER = YES;
				CLANG_WARN_RANGE_LOOP_ANALYSIS = YES;
				CLANG_WARN_STRICT_PROTOTYPES = YES;
				CLANG_WARN_SUSPICIOUS_MOVE = YES;
				CLANG_WARN_UNGUARDED_AVAILABILITY = YES_AGGRESSIVE;
				CLANG_WARN_UNREACHABLE_CODE = YES;
				CLANG_WARN__DUPLICATE_METHOD_MATCH = YES;
				COPY_PHASE_STRIP = NO;
				DEBUG_INFORMATION_FORMAT = "dwarf-with-dsym";
				ENABLE_NS_ASSERTIONS = NO;
				ENABLE_STRICT_OBJC_MSGSEND = YES;
				GCC_C_LANGUAGE_STANDARD = gnu11;
				GCC_NO_COMMON_BLOCKS = YES;
				GCC_WARN_64_TO_32_BIT_CONVERSION = YES;
				GCC_WARN_ABOUT_RETURN_TYPE = YES_ERROR;
				GCC_WARN_UNDECLARED_SELECTOR = YES;
				GCC_WARN_UNINITIALIZED_AUTOS = YES_AGGRESSIVE;
				GCC_WARN_UNUSED_FUNCTION = YES;
				GCC_WARN_UNUSED_VARIABLE = YES;
				IPHONEOS_DEPLOYMENT_TARGET = 14.0;
				MTL_ENABLE_DEBUG_INFO = NO;
				MTL_FAST_MATH = YES;
				SDKROOT = iphoneos;
				SWIFT_COMPILATION_MODE = wholemodule;
				SWIFT_OPTIMIZATION_LEVEL = "-O";
				VALIDATE_PRODUCT = YES;
			};
			name = Release;
		};
		5A53FAF22603F8CC006CF79A /* Debug */ = {
			isa = XCBuildConfiguration;
			buildSettings = {
				ASSETCATALOG_COMPILER_APPICON_NAME = AppIcon;
				ASSETCATALOG_COMPILER_GLOBAL_ACCENT_COLOR_NAME = AccentColor;
				CODE_SIGN_STYLE = Automatic;
				DEVELOPMENT_TEAM = W75M4CWX3T;
				INFOPLIST_FILE = "$(SRCROOT)/Info.plist";
				LD_RUNPATH_SEARCH_PATHS = (
					"$(inherited)",
					"@executable_path/Frameworks",
				);
				PRODUCT_BUNDLE_IDENTIFIER = JatobaArthur.CoreDataCompaniesProject;
				PRODUCT_NAME = "$(TARGET_NAME)";
				SWIFT_VERSION = 5.0;
				TARGETED_DEVICE_FAMILY = 1;
			};
			name = Debug;
		};
		5A53FAF32603F8CC006CF79A /* Release */ = {
			isa = XCBuildConfiguration;
			buildSettings = {
				ASSETCATALOG_COMPILER_APPICON_NAME = AppIcon;
				ASSETCATALOG_COMPILER_GLOBAL_ACCENT_COLOR_NAME = AccentColor;
				CODE_SIGN_STYLE = Automatic;
				DEVELOPMENT_TEAM = W75M4CWX3T;
				INFOPLIST_FILE = "$(SRCROOT)/Info.plist";
				LD_RUNPATH_SEARCH_PATHS = (
					"$(inherited)",
					"@executable_path/Frameworks",
				);
				PRODUCT_BUNDLE_IDENTIFIER = JatobaArthur.CoreDataCompaniesProject;
				PRODUCT_NAME = "$(TARGET_NAME)";
				SWIFT_VERSION = 5.0;
				TARGETED_DEVICE_FAMILY = 1;
			};
			name = Release;
		};
/* End XCBuildConfiguration section */

/* Begin XCConfigurationList section */
		5A53FAD82603F8C9006CF79A /* Build configuration list for PBXProject "CoreDataCompaniesProject" */ = {
			isa = XCConfigurationList;
			buildConfigurations = (
				5A53FAEF2603F8CC006CF79A /* Debug */,
				5A53FAF02603F8CC006CF79A /* Release */,
			);
			defaultConfigurationIsVisible = 0;
			defaultConfigurationName = Release;
		};
		5A53FAF12603F8CC006CF79A /* Build configuration list for PBXNativeTarget "CoreDataCompaniesProject" */ = {
			isa = XCConfigurationList;
			buildConfigurations = (
				5A53FAF22603F8CC006CF79A /* Debug */,
				5A53FAF32603F8CC006CF79A /* Release */,
			);
			defaultConfigurationIsVisible = 0;
			defaultConfigurationName = Release;
		};
/* End XCConfigurationList section */

/* Begin XCVersionGroup section */
		5A53FBE4260919B2006CF79A /* CoreDataCompaniesModels.xcdatamodeld */ = {
			isa = XCVersionGroup;
			children = (
				5A53FBE5260919B2006CF79A /* CoreDataCompaniesModels.xcdatamodel */,
			);
			currentVersion = 5A53FBE5260919B2006CF79A /* CoreDataCompaniesModels.xcdatamodel */;
			path = CoreDataCompaniesModels.xcdatamodeld;
			sourceTree = "<group>";
			versionGroupType = wrapper.xcdatamodel;
		};
/* End XCVersionGroup section */
	};
	rootObject = 5A53FAD52603F8C9006CF79A /* Project object */;
}
